
Microsoft Visual Studio Solution File, Format Version 12.00
Project("{FAE04EC0-301F-11D3-BF4B-00C04F79EFBC}") = "UserDeviceNotificationOrchestratorTests", "UserDeviceNotificationOrchestratorTests\UserDeviceNotificationOrchestratorTests.csproj", "{C90C7C23-86AE-40E5-8F17-3B6EC62C4447}"
EndProject
Project("{FAE04EC0-301F-11D3-BF4B-00C04F79EFBC}") = "DeviceFirmwareOrchestratorTests", "DeviceFirmwareOrchestratorTests\DeviceFirmwareOrchestratorTests.csproj", "{F1BB72CD-C488-4F78-B447-6BAB73B012C1}"
EndProject
Project("{FAE04EC0-301F-11D3-BF4B-00C04F79EFBC}") = "DeviceMetricsOrchestratorsTests", "DeviceMetricsOrchestratorsTests\DeviceMetricsOrchestratorsTests.csproj", "{ED865E72-A19F-4609-B560-327D5CF5BAC7}"
EndProject
Project("{FAE04EC0-301F-11D3-BF4B-00C04F79EFBC}") = "TestDomain", "TestDomain\TestDomain.csproj", "{F177CC27-821B-41BD-8B22-F536957EDA83}"
EndProject
Global
	GlobalSection(SolutionConfigurationPlatforms) = preSolution
		Debug|Any CPU = Debug|Any CPU
		Release|Any CPU = Release|Any CPU
	EndGlobalSection
	GlobalSection(ProjectConfigurationPlatforms) = postSolution
		{C90C7C23-86AE-40E5-8F17-3B6EC62C4447}.Debug|Any CPU.ActiveCfg = Debug|Any CPU
		{C90C7C23-86AE-40E5-8F17-3B6EC62C4447}.Debug|Any CPU.Build.0 = Debug|Any CPU
		{C90C7C23-86AE-40E5-8F17-3B6EC62C4447}.Release|Any CPU.ActiveCfg = Release|Any CPU
		{C90C7C23-86AE-40E5-8F17-3B6EC62C4447}.Release|Any CPU.Build.0 = Release|Any CPU
		{F1BB72CD-C488-4F78-B447-6BAB73B012C1}.Debug|Any CPU.ActiveCfg = Debug|Any CPU
		{F1BB72CD-C488-4F78-B447-6BAB73B012C1}.Debug|Any CPU.Build.0 = Debug|Any CPU
		{F1BB72CD-C488-4F78-B447-6BAB73B012C1}.Release|Any CPU.ActiveCfg = Release|Any CPU
		{F1BB72CD-C488-4F78-B447-6BAB73B012C1}.Release|Any CPU.Build.0 = Release|Any CPU
		{ED865E72-A19F-4609-B560-327D5CF5BAC7}.Debug|Any CPU.ActiveCfg = Debug|Any CPU
		{ED865E72-A19F-4609-B560-327D5CF5BAC7}.Debug|Any CPU.Build.0 = Debug|Any CPU
		{ED865E72-A19F-4609-B560-327D5CF5BAC7}.Release|Any CPU.ActiveCfg = Release|Any CPU
		{ED865E72-A19F-4609-B560-327D5CF5BAC7}.Release|Any CPU.Build.0 = Release|Any CPU
		{F177CC27-821B-41BD-8B22-F536957EDA83}.Debug|Any CPU.ActiveCfg = Debug|Any CPU
		{F177CC27-821B-41BD-8B22-F536957EDA83}.Debug|Any CPU.Build.0 = Debug|Any CPU
		{F177CC27-821B-41BD-8B22-F536957EDA83}.Release|Any CPU.ActiveCfg = Release|Any CPU
		{F177CC27-821B-41BD-8B22-F536957EDA83}.Release|Any CPU.Build.0 = Release|Any CPU
	EndGlobalSection
EndGlobal
