
Microsoft Visual Studio Solution File, Format Version 12.00
# Visual Studio Version 16
VisualStudioVersion = 25.0.1706.4
MinimumVisualStudioVersion = 10.0.40219.1
Project("{FAE04EC0-301F-11D3-BF4B-00C04F79EFBC}") = "WebAPP", "WebAPP\WebAPP.csproj", "{AC198BBC-5D7C-4EAB-AEB4-FC58A279A59E}"
EndProject
Project("{FAE04EC0-301F-11D3-BF4B-00C04F79EFBC}") = "DAL", "DAL\DAL.csproj", "{11D279F5-030C-4B06-A781-D342F7B8BBB7}"
EndProject
Project("{FAE04EC0-301F-11D3-BF4B-00C04F79EFBC}") = "Service", "Service\Service.csproj", "{18B4AE9C-901E-464B-B504-D1BB7558F549}"
EndProject
Project("{FAE04EC0-301F-11D3-BF4B-00C04F79EFBC}") = "Model", "Model\Model.csproj", "{807A8870-3AB7-4054-A2B0-430A341302D3}"
EndProject
Project("{2150E333-8FDC-42A3-9474-1A3956D46DE8}") = "Solution Items", "Solution Items", "{9A827CF3-EDD1-4304-8000-E47C493C630D}"
EndProject
Global
	GlobalSection(SolutionConfigurationPlatforms) = preSolution
		Debug|Any CPU = Debug|Any CPU
		Release|Any CPU = Release|Any CPU
	EndGlobalSection
	GlobalSection(ProjectConfigurationPlatforms) = postSolution
		{AC198BBC-5D7C-4EAB-AEB4-FC58A279A59E}.Debug|Any CPU.ActiveCfg = Debug|Any CPU
		{AC198BBC-5D7C-4EAB-AEB4-FC58A279A59E}.Debug|Any CPU.Build.0 = Debug|Any CPU
		{AC198BBC-5D7C-4EAB-AEB4-FC58A279A59E}.Release|Any CPU.ActiveCfg = Release|Any CPU
		{AC198BBC-5D7C-4EAB-AEB4-FC58A279A59E}.Release|Any CPU.Build.0 = Release|Any CPU
		{11D279F5-030C-4B06-A781-D342F7B8BBB7}.Debug|Any CPU.ActiveCfg = Debug|Any CPU
		{11D279F5-030C-4B06-A781-D342F7B8BBB7}.Debug|Any CPU.Build.0 = Debug|Any CPU
		{11D279F5-030C-4B06-A781-D342F7B8BBB7}.Release|Any CPU.ActiveCfg = Release|Any CPU
		{11D279F5-030C-4B06-A781-D342F7B8BBB7}.Release|Any CPU.Build.0 = Release|Any CPU
		{18B4AE9C-901E-464B-B504-D1BB7558F549}.Debug|Any CPU.ActiveCfg = Debug|Any CPU
		{18B4AE9C-901E-464B-B504-D1BB7558F549}.Debug|Any CPU.Build.0 = Debug|Any CPU
		{18B4AE9C-901E-464B-B504-D1BB7558F549}.Release|Any CPU.ActiveCfg = Release|Any CPU
		{18B4AE9C-901E-464B-B504-D1BB7558F549}.Release|Any CPU.Build.0 = Release|Any CPU
		{807A8870-3AB7-4054-A2B0-430A341302D3}.Debug|Any CPU.ActiveCfg = Debug|Any CPU
		{807A8870-3AB7-4054-A2B0-430A341302D3}.Debug|Any CPU.Build.0 = Debug|Any CPU
		{807A8870-3AB7-4054-A2B0-430A341302D3}.Release|Any CPU.ActiveCfg = Release|Any CPU
		{807A8870-3AB7-4054-A2B0-430A341302D3}.Release|Any CPU.Build.0 = Release|Any CPU
	EndGlobalSection
	GlobalSection(SolutionProperties) = preSolution
		HideSolutionNode = FALSE
	EndGlobalSection
	GlobalSection(ExtensibilityGlobals) = postSolution
		SolutionGuid = {DFFE1D22-6E68-43F6-A5CB-24F784168102}
	EndGlobalSection
EndGlobal
