
Microsoft Visual Studio Solution File, Format Version 12.00
# Visual Studio Version 16
VisualStudioVersion = 25.0.1706.4
MinimumVisualStudioVersion = 10.0.40219.1
Project("{2150E333-8FDC-42A3-9474-1A3956D46DE8}") = "Solution Items", "Solution Items", "{9A827CF3-EDD1-4304-8000-E47C493C630D}"
EndProject
Project("{FAE04EC0-301F-11D3-BF4B-00C04F79EFBC}") = "UserService", "UserService\UserService.csproj", "{42463354-B39E-454E-8CEC-B4E8102B7107}"
EndProject
Project("{FAE04EC0-301F-11D3-BF4B-00C04F79EFBC}") = "DeviceService", "DeviceService\DeviceService.csproj", "{3DA964E8-C80F-4CD7-9CAF-59D2705B6B7A}"
EndProject
Project("{FAE04EC0-301F-11D3-BF4B-00C04F79EFBC}") = "MetricsService", "MetricsService\MetricsService.csproj", "{6A3F49FA-582A-4880-B714-DB05BA62ECF3}"
EndProject
Project("{FAE04EC0-301F-11D3-BF4B-00C04F79EFBC}") = "NotificationsService", "NotificationsService\NotificationsService.csproj", "{459B37F0-E011-4A4D-9D0E-9AF7A934B882}"
EndProject
Project("{FAE04EC0-301F-11D3-BF4B-00C04F79EFBC}") = "FirmwareService", "FirmwareService\FirmwareService.csproj", "{D379DCC1-9D5D-48FB-98B9-FFE4566045F1}"
EndProject
Global
	GlobalSection(SolutionConfigurationPlatforms) = preSolution
		Debug|Any CPU = Debug|Any CPU
		Release|Any CPU = Release|Any CPU
	EndGlobalSection
	GlobalSection(ProjectConfigurationPlatforms) = postSolution
		{42463354-B39E-454E-8CEC-B4E8102B7107}.Debug|Any CPU.ActiveCfg = Debug|Any CPU
		{42463354-B39E-454E-8CEC-B4E8102B7107}.Debug|Any CPU.Build.0 = Debug|Any CPU
		{42463354-B39E-454E-8CEC-B4E8102B7107}.Release|Any CPU.ActiveCfg = Release|Any CPU
		{42463354-B39E-454E-8CEC-B4E8102B7107}.Release|Any CPU.Build.0 = Release|Any CPU
		{3DA964E8-C80F-4CD7-9CAF-59D2705B6B7A}.Debug|Any CPU.ActiveCfg = Debug|Any CPU
		{3DA964E8-C80F-4CD7-9CAF-59D2705B6B7A}.Debug|Any CPU.Build.0 = Debug|Any CPU
		{3DA964E8-C80F-4CD7-9CAF-59D2705B6B7A}.Release|Any CPU.ActiveCfg = Release|Any CPU
		{3DA964E8-C80F-4CD7-9CAF-59D2705B6B7A}.Release|Any CPU.Build.0 = Release|Any CPU
		{6A3F49FA-582A-4880-B714-DB05BA62ECF3}.Debug|Any CPU.ActiveCfg = Debug|Any CPU
		{6A3F49FA-582A-4880-B714-DB05BA62ECF3}.Debug|Any CPU.Build.0 = Debug|Any CPU
		{6A3F49FA-582A-4880-B714-DB05BA62ECF3}.Release|Any CPU.ActiveCfg = Release|Any CPU
		{6A3F49FA-582A-4880-B714-DB05BA62ECF3}.Release|Any CPU.Build.0 = Release|Any CPU
		{459B37F0-E011-4A4D-9D0E-9AF7A934B882}.Debug|Any CPU.ActiveCfg = Debug|Any CPU
		{459B37F0-E011-4A4D-9D0E-9AF7A934B882}.Debug|Any CPU.Build.0 = Debug|Any CPU
		{459B37F0-E011-4A4D-9D0E-9AF7A934B882}.Release|Any CPU.ActiveCfg = Release|Any CPU
		{459B37F0-E011-4A4D-9D0E-9AF7A934B882}.Release|Any CPU.Build.0 = Release|Any CPU
		{D379DCC1-9D5D-48FB-98B9-FFE4566045F1}.Debug|Any CPU.ActiveCfg = Debug|Any CPU
		{D379DCC1-9D5D-48FB-98B9-FFE4566045F1}.Debug|Any CPU.Build.0 = Debug|Any CPU
		{D379DCC1-9D5D-48FB-98B9-FFE4566045F1}.Release|Any CPU.ActiveCfg = Release|Any CPU
		{D379DCC1-9D5D-48FB-98B9-FFE4566045F1}.Release|Any CPU.Build.0 = Release|Any CPU
	EndGlobalSection
	GlobalSection(SolutionProperties) = preSolution
		HideSolutionNode = FALSE
	EndGlobalSection
	GlobalSection(ExtensibilityGlobals) = postSolution
		SolutionGuid = {DFFE1D22-6E68-43F6-A5CB-24F784168102}
	EndGlobalSection
EndGlobal
