
Microsoft Visual Studio Solution File, Format Version 12.00
Project("{FAE04EC0-301F-11D3-BF4B-00C04F79EFBC}") = "WebApp", "WebApp\WebApp.csproj", "{085D64B3-BB93-48AE-8CBD-A0D58F235EA8}"
EndProject
Project("{FAE04EC0-301F-11D3-BF4B-00C04F79EFBC}") = "Application", "Application\Application.csproj", "{C2A35C82-05BB-4CF0-86CC-7B9910DC6159}"
EndProject
Project("{FAE04EC0-301F-11D3-BF4B-00C04F79EFBC}") = "Domain", "Domain\Domain.csproj", "{67B2D5C4-0869-4715-A37A-83636C90571C}"
EndProject
Project("{FAE04EC0-301F-11D3-BF4B-00C04F79EFBC}") = "Domain.Tests", "Domain.Tests\Domain.Tests.csproj", "{2E0AA1E4-64EA-452C-825B-F341AAB446B1}"
EndProject
Project("{FAE04EC0-301F-11D3-BF4B-00C04F79EFBC}") = "Infrastructure", "Infrastructure\Infrastructure.csproj", "{0E428682-A082-44B4-B9C5-B1D0CB2AD0E3}"
EndProject
Global
	GlobalSection(SolutionConfigurationPlatforms) = preSolution
		Debug|Any CPU = Debug|Any CPU
		Release|Any CPU = Release|Any CPU
	EndGlobalSection
	GlobalSection(ProjectConfigurationPlatforms) = postSolution
		{085D64B3-BB93-48AE-8CBD-A0D58F235EA8}.Debug|Any CPU.ActiveCfg = Debug|Any CPU
		{085D64B3-BB93-48AE-8CBD-A0D58F235EA8}.Debug|Any CPU.Build.0 = Debug|Any CPU
		{085D64B3-BB93-48AE-8CBD-A0D58F235EA8}.Release|Any CPU.ActiveCfg = Release|Any CPU
		{085D64B3-BB93-48AE-8CBD-A0D58F235EA8}.Release|Any CPU.Build.0 = Release|Any CPU
		{C2A35C82-05BB-4CF0-86CC-7B9910DC6159}.Debug|Any CPU.ActiveCfg = Debug|Any CPU
		{C2A35C82-05BB-4CF0-86CC-7B9910DC6159}.Debug|Any CPU.Build.0 = Debug|Any CPU
		{C2A35C82-05BB-4CF0-86CC-7B9910DC6159}.Release|Any CPU.ActiveCfg = Release|Any CPU
		{C2A35C82-05BB-4CF0-86CC-7B9910DC6159}.Release|Any CPU.Build.0 = Release|Any CPU
		{67B2D5C4-0869-4715-A37A-83636C90571C}.Debug|Any CPU.ActiveCfg = Debug|Any CPU
		{67B2D5C4-0869-4715-A37A-83636C90571C}.Debug|Any CPU.Build.0 = Debug|Any CPU
		{67B2D5C4-0869-4715-A37A-83636C90571C}.Release|Any CPU.ActiveCfg = Release|Any CPU
		{67B2D5C4-0869-4715-A37A-83636C90571C}.Release|Any CPU.Build.0 = Release|Any CPU
		{2E0AA1E4-64EA-452C-825B-F341AAB446B1}.Debug|Any CPU.ActiveCfg = Debug|Any CPU
		{2E0AA1E4-64EA-452C-825B-F341AAB446B1}.Debug|Any CPU.Build.0 = Debug|Any CPU
		{2E0AA1E4-64EA-452C-825B-F341AAB446B1}.Release|Any CPU.ActiveCfg = Release|Any CPU
		{2E0AA1E4-64EA-452C-825B-F341AAB446B1}.Release|Any CPU.Build.0 = Release|Any CPU
		{0E428682-A082-44B4-B9C5-B1D0CB2AD0E3}.Debug|Any CPU.ActiveCfg = Debug|Any CPU
		{0E428682-A082-44B4-B9C5-B1D0CB2AD0E3}.Debug|Any CPU.Build.0 = Debug|Any CPU
		{0E428682-A082-44B4-B9C5-B1D0CB2AD0E3}.Release|Any CPU.ActiveCfg = Release|Any CPU
		{0E428682-A082-44B4-B9C5-B1D0CB2AD0E3}.Release|Any CPU.Build.0 = Release|Any CPU
	EndGlobalSection
EndGlobal
