
Microsoft Visual Studio Solution File, Format Version 12.00
Project("{FAE04EC0-301F-11D3-BF4B-00C04F79EFBC}") = "NotificationMS", "NotificationMS\NotificationMS.csproj", "{B86A1FE5-A86A-4345-8382-D4849F4F60DC}"
EndProject
Global
	GlobalSection(SolutionConfigurationPlatforms) = preSolution
		Debug|Any CPU = Debug|Any CPU
		Release|Any CPU = Release|Any CPU
	EndGlobalSection
	GlobalSection(ProjectConfigurationPlatforms) = postSolution
		{B86A1FE5-A86A-4345-8382-D4849F4F60DC}.Debug|Any CPU.ActiveCfg = Debug|Any CPU
		{B86A1FE5-A86A-4345-8382-D4849F4F60DC}.Debug|Any CPU.Build.0 = Debug|Any CPU
		{B86A1FE5-A86A-4345-8382-D4849F4F60DC}.Release|Any CPU.ActiveCfg = Release|Any CPU
		{B86A1FE5-A86A-4345-8382-D4849F4F60DC}.Release|Any CPU.Build.0 = Release|Any CPU
	EndGlobalSection
EndGlobal
