
Microsoft Visual Studio Solution File, Format Version 12.00
Project("{FAE04EC0-301F-11D3-BF4B-00C04F79EFBC}") = "WebApp", "WebApp\WebApp.csproj", "{FBAF231A-490A-405D-B122-71644B0D4E49}"
EndProject
Project("{FAE04EC0-301F-11D3-BF4B-00C04F79EFBC}") = "Application", "Application\Application.csproj", "{EF6BE99F-94DA-417D-9C85-21EC63463CAA}"
EndProject
Project("{FAE04EC0-301F-11D3-BF4B-00C04F79EFBC}") = "Domain", "Domain\Domain.csproj", "{84DCF08F-2B20-44DB-AE7B-6DD8CF8A3DB2}"
EndProject
Project("{FAE04EC0-301F-11D3-BF4B-00C04F79EFBC}") = "Domain.Tests", "Domain.Tests\Domain.Tests.csproj", "{7C6213CA-9CBE-4D53-928C-63C2B824A122}"
EndProject
Project("{FAE04EC0-301F-11D3-BF4B-00C04F79EFBC}") = "Infrastructure", "Infrastructure\Infrastructure.csproj", "{1BEE0385-8C32-43FB-B761-C304F7310649}"
EndProject
Global
	GlobalSection(SolutionConfigurationPlatforms) = preSolution
		Debug|Any CPU = Debug|Any CPU
		Release|Any CPU = Release|Any CPU
	EndGlobalSection
	GlobalSection(ProjectConfigurationPlatforms) = postSolution
		{FBAF231A-490A-405D-B122-71644B0D4E49}.Debug|Any CPU.ActiveCfg = Debug|Any CPU
		{FBAF231A-490A-405D-B122-71644B0D4E49}.Debug|Any CPU.Build.0 = Debug|Any CPU
		{FBAF231A-490A-405D-B122-71644B0D4E49}.Release|Any CPU.ActiveCfg = Release|Any CPU
		{FBAF231A-490A-405D-B122-71644B0D4E49}.Release|Any CPU.Build.0 = Release|Any CPU
		{EF6BE99F-94DA-417D-9C85-21EC63463CAA}.Debug|Any CPU.ActiveCfg = Debug|Any CPU
		{EF6BE99F-94DA-417D-9C85-21EC63463CAA}.Debug|Any CPU.Build.0 = Debug|Any CPU
		{EF6BE99F-94DA-417D-9C85-21EC63463CAA}.Release|Any CPU.ActiveCfg = Release|Any CPU
		{EF6BE99F-94DA-417D-9C85-21EC63463CAA}.Release|Any CPU.Build.0 = Release|Any CPU
		{84DCF08F-2B20-44DB-AE7B-6DD8CF8A3DB2}.Debug|Any CPU.ActiveCfg = Debug|Any CPU
		{84DCF08F-2B20-44DB-AE7B-6DD8CF8A3DB2}.Debug|Any CPU.Build.0 = Debug|Any CPU
		{84DCF08F-2B20-44DB-AE7B-6DD8CF8A3DB2}.Release|Any CPU.ActiveCfg = Release|Any CPU
		{84DCF08F-2B20-44DB-AE7B-6DD8CF8A3DB2}.Release|Any CPU.Build.0 = Release|Any CPU
		{7C6213CA-9CBE-4D53-928C-63C2B824A122}.Debug|Any CPU.ActiveCfg = Debug|Any CPU
		{7C6213CA-9CBE-4D53-928C-63C2B824A122}.Debug|Any CPU.Build.0 = Debug|Any CPU
		{7C6213CA-9CBE-4D53-928C-63C2B824A122}.Release|Any CPU.ActiveCfg = Release|Any CPU
		{7C6213CA-9CBE-4D53-928C-63C2B824A122}.Release|Any CPU.Build.0 = Release|Any CPU
		{1BEE0385-8C32-43FB-B761-C304F7310649}.Debug|Any CPU.ActiveCfg = Debug|Any CPU
		{1BEE0385-8C32-43FB-B761-C304F7310649}.Debug|Any CPU.Build.0 = Debug|Any CPU
		{1BEE0385-8C32-43FB-B761-C304F7310649}.Release|Any CPU.ActiveCfg = Release|Any CPU
		{1BEE0385-8C32-43FB-B761-C304F7310649}.Release|Any CPU.Build.0 = Release|Any CPU
	EndGlobalSection
EndGlobal
