
Microsoft Visual Studio Solution File, Format Version 12.00
Project("{FAE04EC0-301F-11D3-BF4B-00C04F79EFBC}") = "WebApp", "WebApp\WebApp.csproj", "{FE80C1AB-B772-488F-8A80-0BAB4B80EC60}"
EndProject
Project("{FAE04EC0-301F-11D3-BF4B-00C04F79EFBC}") = "Application", "Application\Application.csproj", "{F7F6A0A4-C8D1-4157-AB50-1D1DD5C5E055}"
EndProject
Project("{FAE04EC0-301F-11D3-BF4B-00C04F79EFBC}") = "Domain", "Domain\Domain.csproj", "{E8E1F004-987E-40D3-9955-CF943BD26802}"
EndProject
Project("{FAE04EC0-301F-11D3-BF4B-00C04F79EFBC}") = "Infrastructure", "Infrastructure\Infrastructure.csproj", "{898B3DA6-A744-41EB-BFBD-E763FA59072C}"
EndProject
Project("{FAE04EC0-301F-11D3-BF4B-00C04F79EFBC}") = "Domain.Tests", "Domain.Tests\Domain.Tests.csproj", "{386253C2-B65A-4751-BF2B-C996498B605D}"
EndProject
Global
	GlobalSection(SolutionConfigurationPlatforms) = preSolution
		Debug|Any CPU = Debug|Any CPU
		Release|Any CPU = Release|Any CPU
	EndGlobalSection
	GlobalSection(ProjectConfigurationPlatforms) = postSolution
		{FE80C1AB-B772-488F-8A80-0BAB4B80EC60}.Debug|Any CPU.ActiveCfg = Debug|Any CPU
		{FE80C1AB-B772-488F-8A80-0BAB4B80EC60}.Debug|Any CPU.Build.0 = Debug|Any CPU
		{FE80C1AB-B772-488F-8A80-0BAB4B80EC60}.Release|Any CPU.ActiveCfg = Release|Any CPU
		{FE80C1AB-B772-488F-8A80-0BAB4B80EC60}.Release|Any CPU.Build.0 = Release|Any CPU
		{F7F6A0A4-C8D1-4157-AB50-1D1DD5C5E055}.Debug|Any CPU.ActiveCfg = Debug|Any CPU
		{F7F6A0A4-C8D1-4157-AB50-1D1DD5C5E055}.Debug|Any CPU.Build.0 = Debug|Any CPU
		{F7F6A0A4-C8D1-4157-AB50-1D1DD5C5E055}.Release|Any CPU.ActiveCfg = Release|Any CPU
		{F7F6A0A4-C8D1-4157-AB50-1D1DD5C5E055}.Release|Any CPU.Build.0 = Release|Any CPU
		{E8E1F004-987E-40D3-9955-CF943BD26802}.Debug|Any CPU.ActiveCfg = Debug|Any CPU
		{E8E1F004-987E-40D3-9955-CF943BD26802}.Debug|Any CPU.Build.0 = Debug|Any CPU
		{E8E1F004-987E-40D3-9955-CF943BD26802}.Release|Any CPU.ActiveCfg = Release|Any CPU
		{E8E1F004-987E-40D3-9955-CF943BD26802}.Release|Any CPU.Build.0 = Release|Any CPU
		{898B3DA6-A744-41EB-BFBD-E763FA59072C}.Debug|Any CPU.ActiveCfg = Debug|Any CPU
		{898B3DA6-A744-41EB-BFBD-E763FA59072C}.Debug|Any CPU.Build.0 = Debug|Any CPU
		{898B3DA6-A744-41EB-BFBD-E763FA59072C}.Release|Any CPU.ActiveCfg = Release|Any CPU
		{898B3DA6-A744-41EB-BFBD-E763FA59072C}.Release|Any CPU.Build.0 = Release|Any CPU
		{386253C2-B65A-4751-BF2B-C996498B605D}.Debug|Any CPU.ActiveCfg = Debug|Any CPU
		{386253C2-B65A-4751-BF2B-C996498B605D}.Debug|Any CPU.Build.0 = Debug|Any CPU
		{386253C2-B65A-4751-BF2B-C996498B605D}.Release|Any CPU.ActiveCfg = Release|Any CPU
		{386253C2-B65A-4751-BF2B-C996498B605D}.Release|Any CPU.Build.0 = Release|Any CPU
	EndGlobalSection
EndGlobal
